
Microsoft Visual Studio Solution File, Format Version 12.00
# Visual Studio Version 17
VisualStudioVersion = 17.6.33829.357
MinimumVisualStudioVersion = 10.0.40219.1
Project("{FAE04EC0-301F-11D3-BF4B-00C04F79EFBC}") = "TRMDesktopUI", "TRMDesktopUI.csproj", "{B2DABE77-3569-4A39-81C7-804D1BF88C16}"
EndProject
Global
	GlobalSection(SolutionConfigurationPlatforms) = preSolution
		Debug|Any CPU = Debug|Any CPU
		Release|Any CPU = Release|Any CPU
	EndGlobalSection
	GlobalSection(ProjectConfigurationPlatforms) = postSolution
		{B2DABE77-3569-4A39-81C7-804D1BF88C16}.Debug|Any CPU.ActiveCfg = Debug|Any CPU
		{B2DABE77-3569-4A39-81C7-804D1BF88C16}.Debug|Any CPU.Build.0 = Debug|Any CPU
		{B2DABE77-3569-4A39-81C7-804D1BF88C16}.Release|Any CPU.ActiveCfg = Release|Any CPU
		{B2DABE77-3569-4A39-81C7-804D1BF88C16}.Release|Any CPU.Build.0 = Release|Any CPU
	EndGlobalSection
	GlobalSection(SolutionProperties) = preSolution
		HideSolutionNode = FALSE
	EndGlobalSection
	GlobalSection(ExtensibilityGlobals) = postSolution
		SolutionGuid = {FF2253BD-FF70-4E30-BB49-DE6349A48A36}
	EndGlobalSection
EndGlobal
